// !$*UTF8*$!
{
	archiveVersion = 1;
	classes = {
	};
	objectVersion = 50;
	objects = {

/* Begin PBXBuildFile section */
		60A40992232DCF5000E4B0B6 /* AppDelegate.swift in Sources */ = {isa = PBXBuildFile; fileRef = 60A40991232DCF5000E4B0B6 /* AppDelegate.swift */; };
		60A40994232DCF5000E4B0B6 /* GameScene.sks in Resources */ = {isa = PBXBuildFile; fileRef = 60A40993232DCF5000E4B0B6 /* GameScene.sks */; };
		60A40996232DCF5000E4B0B6 /* Actions.sks in Resources */ = {isa = PBXBuildFile; fileRef = 60A40995232DCF5000E4B0B6 /* Actions.sks */; };
		60A40998232DCF5000E4B0B6 /* GameScene.swift in Sources */ = {isa = PBXBuildFile; fileRef = 60A40997232DCF5000E4B0B6 /* GameScene.swift */; };
		60A4099A232DCF5000E4B0B6 /* GameViewController.swift in Sources */ = {isa = PBXBuildFile; fileRef = 60A40999232DCF5000E4B0B6 /* GameViewController.swift */; };
		60A4099D232DCF5000E4B0B6 /* Main.storyboard in Resources */ = {isa = PBXBuildFile; fileRef = 60A4099B232DCF5000E4B0B6 /* Main.storyboard */; };
		60A4099F232DCF5400E4B0B6 /* Assets.xcassets in Resources */ = {isa = PBXBuildFile; fileRef = 60A4099E232DCF5400E4B0B6 /* Assets.xcassets */; };
		60A409A2232DCF5400E4B0B6 /* LaunchScreen.storyboard in Resources */ = {isa = PBXBuildFile; fileRef = 60A409A0232DCF5400E4B0B6 /* LaunchScreen.storyboard */; };
/* End PBXBuildFile section */

/* Begin PBXFileReference section */
		60A4098E232DCF5000E4B0B6 /* AngryDuck.app */ = {isa = PBXFileReference; explicitFileType = wrapper.application; includeInIndex = 0; path = AngryDuck.app; sourceTree = BUILT_PRODUCTS_DIR; };
		60A40991232DCF5000E4B0B6 /* AppDelegate.swift */ = {isa = PBXFileReference; lastKnownFileType = sourcecode.swift; path = AppDelegate.swift; sourceTree = "<group>"; };
		60A40993232DCF5000E4B0B6 /* GameScene.sks */ = {isa = PBXFileReference; lastKnownFileType = file.sks; path = GameScene.sks; sourceTree = "<group>"; };
		60A40995232DCF5000E4B0B6 /* Actions.sks */ = {isa = PBXFileReference; lastKnownFileType = file.sks; path = Actions.sks; sourceTree = "<group>"; };
		60A40997232DCF5000E4B0B6 /* GameScene.swift */ = {isa = PBXFileReference; lastKnownFileType = sourcecode.swift; path = GameScene.swift; sourceTree = "<group>"; };
		60A40999232DCF5000E4B0B6 /* GameViewController.swift */ = {isa = PBXFileReference; lastKnownFileType = sourcecode.swift; path = GameViewController.swift; sourceTree = "<group>"; };
		60A4099C232DCF5000E4B0B6 /* Base */ = {isa = PBXFileReference; lastKnownFileType = file.storyboard; name = Base; path = Base.lproj/Main.storyboard; sourceTree = "<group>"; };
		60A4099E232DCF5400E4B0B6 /* Assets.xcassets */ = {isa = PBXFileReference; lastKnownFileType = folder.assetcatalog; path = Assets.xcassets; sourceTree = "<group>"; };
		60A409A1232DCF5400E4B0B6 /* Base */ = {isa = PBXFileReference; lastKnownFileType = file.storyboard; name = Base; path = Base.lproj/LaunchScreen.storyboard; sourceTree = "<group>"; };
		60A409A3232DCF5400E4B0B6 /* Info.plist */ = {isa = PBXFileReference; lastKnownFileType = text.plist.xml; path = Info.plist; sourceTree = "<group>"; };
/* End PBXFileReference section */

/* Begin PBXFrameworksBuildPhase section */
		60A4098B232DCF5000E4B0B6 /* Frameworks */ = {
			isa = PBXFrameworksBuildPhase;
			buildActionMask = 2147483647;
			files = (
			);
			runOnlyForDeploymentPostprocessing = 0;
		};
/* End PBXFrameworksBuildPhase section */

/* Begin PBXGroup section */
		60A40985232DCF5000E4B0B6 = {
			isa = PBXGroup;
			children = (
				60A40990232DCF5000E4B0B6 /* AngryDuck */,
				60A4098F232DCF5000E4B0B6 /* Products */,
			);
			sourceTree = "<group>";
		};
		60A4098F232DCF5000E4B0B6 /* Products */ = {
			isa = PBXGroup;
			children = (
				60A4098E232DCF5000E4B0B6 /* AngryDuck.app */,
			);
			name = Products;
			sourceTree = "<group>";
		};
		60A40990232DCF5000E4B0B6 /* AngryDuck */ = {
			isa = PBXGroup;
			children = (
				60A40991232DCF5000E4B0B6 /* AppDelegate.swift */,
				60A40993232DCF5000E4B0B6 /* GameScene.sks */,
				60A40995232DCF5000E4B0B6 /* Actions.sks */,
				60A40997232DCF5000E4B0B6 /* GameScene.swift */,
				60A40999232DCF5000E4B0B6 /* GameViewController.swift */,
				60A4099B232DCF5000E4B0B6 /* Main.storyboard */,
				60A4099E232DCF5400E4B0B6 /* Assets.xcassets */,
				60A409A0232DCF5400E4B0B6 /* LaunchScreen.storyboard */,
				60A409A3232DCF5400E4B0B6 /* Info.plist */,
			);
			path = AngryDuck;
			sourceTree = "<group>";
		};
/* End PBXGroup section */

/* Begin PBXNativeTarget section */
		60A4098D232DCF5000E4B0B6 /* AngryDuck */ = {
			isa = PBXNativeTarget;
			buildConfigurationList = 60A409A6232DCF5400E4B0B6 /* Build configuration list for PBXNativeTarget "AngryDuck" */;
			buildPhases = (
				60A4098A232DCF5000E4B0B6 /* Sources */,
				60A4098B232DCF5000E4B0B6 /* Frameworks */,
				60A4098C232DCF5000E4B0B6 /* Resources */,
			);
			buildRules = (
			);
			dependencies = (
			);
			name = AngryDuck;
			productName = AngryDuck;
			productReference = 60A4098E232DCF5000E4B0B6 /* AngryDuck.app */;
			productType = "com.apple.product-type.application";
		};
/* End PBXNativeTarget section */

/* Begin PBXProject section */
		60A40986232DCF5000E4B0B6 /* Project object */ = {
			isa = PBXProject;
			attributes = {
				LastSwiftUpdateCheck = 1100;
				LastUpgradeCheck = 1100;
				ORGANIZATIONNAME = "Estudie Ingles";
				TargetAttributes = {
					60A4098D232DCF5000E4B0B6 = {
						CreatedOnToolsVersion = 11.0;
					};
				};
			};
			buildConfigurationList = 60A40989232DCF5000E4B0B6 /* Build configuration list for PBXProject "AngryDuck" */;
			compatibilityVersion = "Xcode 9.3";
			developmentRegion = en;
			hasScannedForEncodings = 0;
			knownRegions = (
				en,
				Base,
			);
			mainGroup = 60A40985232DCF5000E4B0B6;
			productRefGroup = 60A4098F232DCF5000E4B0B6 /* Products */;
			projectDirPath = "";
			projectRoot = "";
			targets = (
				60A4098D232DCF5000E4B0B6 /* AngryDuck */,
			);
		};
/* End PBXProject section */

/* Begin PBXResourcesBuildPhase section */
		60A4098C232DCF5000E4B0B6 /* Resources */ = {
			isa = PBXResourcesBuildPhase;
			buildActionMask = 2147483647;
			files = (
				60A4099D232DCF5000E4B0B6 /* Main.storyboard in Resources */,
				60A40994232DCF5000E4B0B6 /* GameScene.sks in Resources */,
				60A4099F232DCF5400E4B0B6 /* Assets.xcassets in Resources */,
				60A409A2232DCF5400E4B0B6 /* LaunchScreen.storyboard in Resources */,
				60A40996232DCF5000E4B0B6 /* Actions.sks in Resources */,
			);
			runOnlyForDeploymentPostprocessing = 0;
		};
/* End PBXResourcesBuildPhase section */

/* Begin PBXSourcesBuildPhase section */
		60A4098A232DCF5000E4B0B6 /* Sources */ = {
			isa = PBXSourcesBuildPhase;
			buildActionMask = 2147483647;
			files = (
				60A40998232DCF5000E4B0B6 /* GameScene.swift in Sources */,
				60A4099A232DCF5000E4B0B6 /* GameViewController.swift in Sources */,
				60A40992232DCF5000E4B0B6 /* AppDelegate.swift in Sources */,
			);
			runOnlyForDeploymentPostprocessing = 0;
		};
/* End PBXSourcesBuildPhase section */

/* Begin PBXVariantGroup section */
		60A4099B232DCF5000E4B0B6 /* Main.storyboard */ = {
			isa = PBXVariantGroup;
			children = (
				60A4099C232DCF5000E4B0B6 /* Base */,
			);
			name = Main.storyboard;
			sourceTree = "<group>";
		};
		60A409A0232DCF5400E4B0B6 /* LaunchScreen.storyboard */ = {
			isa = PBXVariantGroup;
			children = (
				60A409A1232DCF5400E4B0B6 /* Base */,
			);
			name = LaunchScreen.storyboard;
			sourceTree = "<group>";
		};
/* End PBXVariantGroup section */

/* Begin XCBuildConfiguration section */
		60A409A4232DCF5400E4B0B6 /* Debug */ = {
			isa = XCBuildConfiguration;
			buildSettings = {
				ALWAYS_SEARCH_USER_PATHS = NO;
				CLANG_ANALYZER_NONNULL = YES;
				CLANG_ANALYZER_NUMBER_OBJECT_CONVERSION = YES_AGGRESSIVE;
				CLANG_CXX_LANGUAGE_STANDARD = "gnu++14";
				CLANG_CXX_LIBRARY = "libc++";
				CLANG_ENABLE_MODULES = YES;
				CLANG_ENABLE_OBJC_ARC = YES;
				CLANG_ENABLE_OBJC_WEAK = YES;
				CLANG_WARN_BLOCK_CAPTURE_AUTORELEASING = YES;
				CLANG_WARN_BOOL_CONVERSION = YES;
				CLANG_WARN_COMMA = YES;
				CLANG_WARN_CONSTANT_CONVERSION = YES;
				CLANG_WARN_DEPRECATED_OBJC_IMPLEMENTATIONS = YES;
				CLANG_WARN_DIRECT_OBJC_ISA_USAGE = YES_ERROR;
				CLANG_WARN_DOCUMENTATION_COMMENTS = YES;
				CLANG_WARN_EMPTY_BODY = YES;
				CLANG_WARN_ENUM_CONVERSION = YES;
				CLANG_WARN_INFINITE_RECURSION = YES;
				CLANG_WARN_INT_CONVERSION = YES;
				CLANG_WARN_NON_LITERAL_NULL_CONVERSION = YES;
				CLANG_WARN_OBJC_IMPLICIT_RETAIN_SELF = YES;
				CLANG_WARN_OBJC_LITERAL_CONVERSION = YES;
				CLANG_WARN_OBJC_ROOT_CLASS = YES_ERROR;
				CLANG_WARN_RANGE_LOOP_ANALYSIS = YES;
				CLANG_WARN_STRICT_PROTOTYPES = YES;
				CLANG_WARN_SUSPICIOUS_MOVE = YES;
				CLANG_WARN_UNGUARDED_AVAILABILITY = YES_AGGRESSIVE;
				CLANG_WARN_UNREACHABLE_CODE = YES;
				CLANG_WARN__DUPLICATE_METHOD_MATCH = YES;
				COPY_PHASE_STRIP = NO;
				DEBUG_INFORMATION_FORMAT = dwarf;
				ENABLE_STRICT_OBJC_MSGSEND = YES;
				ENABLE_TESTABILITY = YES;
				GCC_C_LANGUAGE_STANDARD = gnu11;
				GCC_DYNAMIC_NO_PIC = NO;
				GCC_NO_COMMON_BLOCKS = YES;
				GCC_OPTIMIZATION_LEVEL = 0;
				GCC_PREPROCESSOR_DEFINITIONS = (
					"DEBUG=1",
					"$(inherited)",
				);
				GCC_WARN_64_TO_32_BIT_CONVERSION = YES;
				GCC_WARN_ABOUT_RETURN_TYPE = YES_ERROR;
				GCC_WARN_UNDECLARED_SELECTOR = YES;
				GCC_WARN_UNINITIALIZED_AUTOS = YES_AGGRESSIVE;
				GCC_WARN_UNUSED_FUNCTION = YES;
				GCC_WARN_UNUSED_VARIABLE = YES;
				IPHONEOS_DEPLOYMENT_TARGET = 13.0;
				MTL_ENABLE_DEBUG_INFO = INCLUDE_SOURCE;
				MTL_FAST_MATH = YES;
				ONLY_ACTIVE_ARCH = YES;
				SDKROOT = iphoneos;
				SWIFT_ACTIVE_COMPILATION_CONDITIONS = DEBUG;
				SWIFT_OPTIMIZATION_LEVEL = "-Onone";
			};
			name = Debug;
		};
		60A409A5232DCF5400E4B0B6 /* Release */ = {
			isa = XCBuildConfiguration;
			buildSettings = {
				ALWAYS_SEARCH_USER_PATHS = NO;
				CLANG_ANALYZER_NONNULL = YES;
				CLANG_ANALYZER_NUMBER_OBJECT_CONVERSION = YES_AGGRESSIVE;
				CLANG_CXX_LANGUAGE_STANDARD = "gnu++14";
				CLANG_CXX_LIBRARY = "libc++";
				CLANG_ENABLE_MODULES = YES;
				CLANG_ENABLE_OBJC_ARC = YES;
				CLANG_ENABLE_OBJC_WEAK = YES;
				CLANG_WARN_BLOCK_CAPTURE_AUTORELEASING = YES;
				CLANG_WARN_BOOL_CONVERSION = YES;
				CLANG_WARN_COMMA = YES;
				CLANG_WARN_CONSTANT_CONVERSION = YES;
				CLANG_WARN_DEPRECATED_OBJC_IMPLEMENTATIONS = YES;
				CLANG_WARN_DIRECT_OBJC_ISA_USAGE = YES_ERROR;
				CLANG_WARN_DOCUMENTATION_COMMENTS = YES;
				CLANG_WARN_EMPTY_BODY = YES;
				CLANG_WARN_ENUM_CONVERSION = YES;
				CLANG_WARN_INFINITE_RECURSION = YES;
				CLANG_WARN_INT_CONVERSION = YES;
				CLANG_WARN_NON_LITERAL_NULL_CONVERSION = YES;
				CLANG_WARN_OBJC_IMPLICIT_RETAIN_SELF = YES;
				CLANG_WARN_OBJC_LITERAL_CONVERSION = YES;
				CLANG_WARN_OBJC_ROOT_CLASS = YES_ERROR;
				CLANG_WARN_RANGE_LOOP_ANALYSIS = YES;
				CLANG_WARN_STRICT_PROTOTYPES = YES;
				CLANG_WARN_SUSPICIOUS_MOVE = YES;
				CLANG_WARN_UNGUARDED_AVAILABILITY = YES_AGGRESSIVE;
				CLANG_WARN_UNREACHABLE_CODE = YES;
				CLANG_WARN__DUPLICATE_METHOD_MATCH = YES;
				COPY_PHASE_STRIP = NO;
				DEBUG_INFORMATION_FORMAT = "dwarf-with-dsym";
				ENABLE_NS_ASSERTIONS = NO;
				ENABLE_STRICT_OBJC_MSGSEND = YES;
				GCC_C_LANGUAGE_STANDARD = gnu11;
				GCC_NO_COMMON_BLOCKS = YES;
				GCC_WARN_64_TO_32_BIT_CONVERSION = YES;
				GCC_WARN_ABOUT_RETURN_TYPE = YES_ERROR;
				GCC_WARN_UNDECLARED_SELECTOR = YES;
				GCC_WARN_UNINITIALIZED_AUTOS = YES_AGGRESSIVE;
				GCC_WARN_UNUSED_FUNCTION = YES;
				GCC_WARN_UNUSED_VARIABLE = YES;
				IPHONEOS_DEPLOYMENT_TARGET = 13.0;
				MTL_ENABLE_DEBUG_INFO = NO;
				MTL_FAST_MATH = YES;
				SDKROOT = iphoneos;
				SWIFT_COMPILATION_MODE = wholemodule;
				SWIFT_OPTIMIZATION_LEVEL = "-O";
				VALIDATE_PRODUCT = YES;
			};
			name = Release;
		};
		60A409A7232DCF5400E4B0B6 /* Debug */ = {
			isa = XCBuildConfiguration;
			buildSettings = {
				ASSETCATALOG_COMPILER_APPICON_NAME = AppIcon;
				CODE_SIGN_STYLE = Automatic;
				INFOPLIST_FILE = AngryDuck/Info.plist;
				LD_RUNPATH_SEARCH_PATHS = (
					"$(inherited)",
					"@executable_path/Frameworks",
				);
				PRODUCT_BUNDLE_IDENTIFIER = com.AngryDuck.AngryDuck;
				PRODUCT_NAME = "$(TARGET_NAME)";
				SWIFT_VERSION = 5.0;
				TARGETED_DEVICE_FAMILY = "1,2";
			};
			name = Debug;
		};
		60A409A8232DCF5400E4B0B6 /* Release */ = {
			isa = XCBuildConfiguration;
			buildSettings = {
				ASSETCATALOG_COMPILER_APPICON_NAME = AppIcon;
				CODE_SIGN_STYLE = Automatic;
				INFOPLIST_FILE = AngryDuck/Info.plist;
				LD_RUNPATH_SEARCH_PATHS = (
					"$(inherited)",
					"@executable_path/Frameworks",
				);
				PRODUCT_BUNDLE_IDENTIFIER = com.AngryDuck.AngryDuck;
				PRODUCT_NAME = "$(TARGET_NAME)";
				SWIFT_VERSION = 5.0;
				TARGETED_DEVICE_FAMILY = "1,2";
			};
			name = Release;
		};
/* End XCBuildConfiguration section */

/* Begin XCConfigurationList section */
		60A40989232DCF5000E4B0B6 /* Build configuration list for PBXProject "AngryDuck" */ = {
			isa = XCConfigurationList;
			buildConfigurations = (
				60A409A4232DCF5400E4B0B6 /* Debug */,
				60A409A5232DCF5400E4B0B6 /* Release */,
			);
			defaultConfigurationIsVisible = 0;
			defaultConfigurationName = Release;
		};
		60A409A6232DCF5400E4B0B6 /* Build configuration list for PBXNativeTarget "AngryDuck" */ = {
			isa = XCConfigurationList;
			buildConfigurations = (
				60A409A7232DCF5400E4B0B6 /* Debug */,
				60A409A8232DCF5400E4B0B6 /* Release */,
			);
			defaultConfigurationIsVisible = 0;
			defaultConfigurationName = Release;
		};
/* End XCConfigurationList section */
	};
	rootObject = 60A40986232DCF5000E4B0B6 /* Project object */;
}
